version: 6
environments:
  default:
    channels:
    - url: https://conda.anaconda.org/conda-forge/
    packages:
      osx-arm64:
      - conda: https://conda.anaconda.org/conda-forge/osx-arm64/aom-3.9.1-h7bae524_0.conda
      - conda: https://conda.anaconda.org/conda-forge/osx-arm64/bzip2-1.0.8-h99b78c6_7.conda
      - conda: https://conda.anaconda.org/conda-forge/noarch/ca-certificates-2025.4.26-hbd8a1cb_0.conda
      - conda: https://conda.anaconda.org/conda-forge/noarch/cpython-3.13.3-py313hd8ed1ab_101.conda
      - conda: https://conda.anaconda.org/conda-forge/osx-arm64/dav1d-1.2.1-hb547adb_0.conda
      - conda: https://conda.anaconda.org/conda-forge/noarch/filelock-3.18.0-pyhd8ed1ab_0.conda
      - conda: https://conda.anaconda.org/conda-forge/osx-arm64/freetype-2.13.3-hce30654_1.conda
      - conda: https://conda.anaconda.org/conda-forge/noarch/fsspec-2025.3.2-pyhd8ed1ab_0.conda
      - conda: https://conda.anaconda.org/conda-forge/osx-arm64/giflib-5.2.2-h93a5062_0.conda
      - conda: https://conda.anaconda.org/conda-forge/osx-arm64/gmp-6.3.0-h7bae524_2.conda
      - conda: https://conda.anaconda.org/conda-forge/osx-arm64/gmpy2-2.2.1-py313h2cdc120_0.conda
      - conda: https://conda.anaconda.org/conda-forge/noarch/jinja2-3.1.6-pyhd8ed1ab_0.conda
      - conda: https://conda.anaconda.org/conda-forge/noarch/joblib-1.4.2-pyhd8ed1ab_1.conda
      - conda: https://conda.anaconda.org/conda-forge/osx-arm64/lcms2-2.17-h7eeda09_0.conda
      - conda: https://conda.anaconda.org/conda-forge/osx-arm64/lerc-4.0.0-hd64df32_1.conda
      - conda: https://conda.anaconda.org/conda-forge/osx-arm64/libabseil-20250127.1-cxx17_h07bc746_0.conda
      - conda: https://conda.anaconda.org/conda-forge/osx-arm64/libavif16-1.2.1-h3861c80_2.conda
      - conda: https://conda.anaconda.org/conda-forge/osx-arm64/libblas-3.9.0-31_h10e41b3_openblas.conda
      - conda: https://conda.anaconda.org/conda-forge/osx-arm64/libcblas-3.9.0-31_hb3479ef_openblas.conda
      - conda: https://conda.anaconda.org/conda-forge/osx-arm64/libcxx-20.1.4-ha82da77_0.conda
      - conda: https://conda.anaconda.org/conda-forge/osx-arm64/libde265-1.0.15-h2ffa867_0.conda
      - conda: https://conda.anaconda.org/conda-forge/osx-arm64/libdeflate-1.23-h5773f1b_0.conda
      - conda: https://conda.anaconda.org/conda-forge/osx-arm64/libexpat-2.7.0-h286801f_0.conda
      - conda: https://conda.anaconda.org/conda-forge/osx-arm64/libffi-3.4.6-h1da3d7d_1.conda
      - conda: https://conda.anaconda.org/conda-forge/osx-arm64/libfreetype-2.13.3-hce30654_1.conda
      - conda: https://conda.anaconda.org/conda-forge/osx-arm64/libfreetype6-2.13.3-h1d14073_1.conda
      - conda: https://conda.anaconda.org/conda-forge/osx-arm64/libgfortran-14.2.0-heb5dd2a_105.conda
      - conda: https://conda.anaconda.org/conda-forge/osx-arm64/libgfortran5-14.2.0-h2c44a93_105.conda
      - conda: https://conda.anaconda.org/conda-forge/osx-arm64/libheif-1.19.7-gpl_h79e6334_100.conda
      - conda: https://conda.anaconda.org/conda-forge/osx-arm64/libjpeg-turbo-3.1.0-h5505292_0.conda
      - conda: https://conda.anaconda.org/conda-forge/osx-arm64/liblapack-3.9.0-31_hc9a63f6_openblas.conda
      - conda: https://conda.anaconda.org/conda-forge/osx-arm64/liblzma-5.8.1-h39f12f2_0.conda
      - conda: https://conda.anaconda.org/conda-forge/osx-arm64/libmpdec-4.0.0-h99b78c6_0.conda
      - conda: https://conda.anaconda.org/conda-forge/osx-arm64/libopenblas-0.3.29-openmp_hf332438_0.conda
      - conda: https://conda.anaconda.org/conda-forge/osx-arm64/libpng-1.6.47-h3783ad8_0.conda
      - conda: https://conda.anaconda.org/conda-forge/osx-arm64/libprotobuf-5.29.3-hccd9074_1.conda
      - conda: https://conda.anaconda.org/conda-forge/osx-arm64/libsqlite-3.49.1-h3f77e49_2.conda
      - conda: https://conda.anaconda.org/conda-forge/osx-arm64/libtiff-4.7.0-h551f018_4.conda
      - conda: https://conda.anaconda.org/conda-forge/osx-arm64/libtorch-2.6.0-cpu_generic_h1283d20_4.conda
      - conda: https://conda.anaconda.org/conda-forge/osx-arm64/libuv-1.50.0-h5505292_0.conda
      - conda: https://conda.anaconda.org/conda-forge/osx-arm64/libwebp-base-1.5.0-h2471fea_0.conda
      - conda: https://conda.anaconda.org/conda-forge/osx-arm64/libxcb-1.17.0-hdb1d25a_0.conda
      - conda: https://conda.anaconda.org/conda-forge/osx-arm64/libzlib-1.3.1-h8359307_2.conda
      - conda: https://conda.anaconda.org/conda-forge/osx-arm64/llvm-openmp-20.1.4-hdb05f8b_0.conda
      - conda: https://conda.anaconda.org/conda-forge/osx-arm64/markupsafe-3.0.2-py313ha9b7d5b_1.conda
      - conda: https://conda.anaconda.org/conda-forge/osx-arm64/mpc-1.3.1-h8f1351a_1.conda
      - conda: https://conda.anaconda.org/conda-forge/osx-arm64/mpfr-4.2.1-hb693164_3.conda
      - conda: https://conda.anaconda.org/conda-forge/noarch/mpmath-1.3.0-pyhd8ed1ab_1.conda
      - conda: https://conda.anaconda.org/conda-forge/osx-arm64/ncurses-6.5-h5e97a16_3.conda
      - conda: https://conda.anaconda.org/conda-forge/noarch/networkx-3.4.2-pyh267e887_2.conda
      - conda: https://conda.anaconda.org/conda-forge/noarch/nomkl-1.0-h5ca1d4c_0.tar.bz2
      - conda: https://conda.anaconda.org/conda-forge/osx-arm64/numpy-2.2.5-py313h41a2e72_0.conda
      - conda: https://conda.anaconda.org/conda-forge/osx-arm64/openjpeg-2.5.3-h8a3d83b_0.conda
      - conda: https://conda.anaconda.org/conda-forge/osx-arm64/openssl-3.5.0-h81ee809_0.conda
      - conda: https://conda.anaconda.org/conda-forge/osx-arm64/optree-0.15.0-py313h0ebd0e5_0.conda
      - conda: https://conda.anaconda.org/conda-forge/osx-arm64/pillow-11.1.0-py313hb37fac4_0.conda
      - conda: https://conda.anaconda.org/conda-forge/osx-arm64/pthread-stubs-0.4-hd74edd7_1002.conda
      - conda: https://conda.anaconda.org/conda-forge/noarch/pybind11-2.13.6-pyh1ec8472_2.conda
      - conda: https://conda.anaconda.org/conda-forge/noarch/pybind11-global-2.13.6-pyh415d2e4_2.conda
      - conda: https://conda.anaconda.org/conda-forge/osx-arm64/python-3.13.3-h81fe080_101_cp313.conda
      - conda: https://conda.anaconda.org/conda-forge/noarch/python_abi-3.13-7_cp313.conda
      - conda: https://conda.anaconda.org/conda-forge/osx-arm64/pytorch-2.6.0-cpu_generic_py313_h4b020fb_4.conda
      - conda: https://conda.anaconda.org/conda-forge/osx-arm64/rav1e-0.6.6-h69fbcac_2.conda
      - conda: https://conda.anaconda.org/conda-forge/osx-arm64/readline-8.2-h1d1bf99_2.conda
      - conda: https://conda.anaconda.org/conda-forge/osx-arm64/scikit-learn-1.6.1-py313hecba28c_0.conda
      - conda: https://conda.anaconda.org/conda-forge/osx-arm64/scipy-1.15.2-py313h9a24e0a_0.conda
      - conda: https://conda.anaconda.org/conda-forge/noarch/setuptools-75.8.2-pyhff2d567_0.conda
      - conda: https://conda.anaconda.org/conda-forge/osx-arm64/sleef-3.8-h8391f65_0.conda
      - conda: https://conda.anaconda.org/conda-forge/osx-arm64/svt-av1-3.0.2-h8ab69cd_0.conda
      - conda: https://conda.anaconda.org/conda-forge/noarch/sympy-1.14.0-pyh2585a3b_105.conda
      - conda: https://conda.anaconda.org/conda-forge/noarch/threadpoolctl-3.6.0-pyhecae5ae_0.conda
      - conda: https://conda.anaconda.org/conda-forge/osx-arm64/tk-8.6.13-h5083fa2_1.conda
      - conda: https://conda.anaconda.org/conda-forge/osx-arm64/torchvision-0.21.0-cpu_py313_he9a1db5_1.conda
      - conda: https://conda.anaconda.org/conda-forge/osx-arm64/torchvision-extra-decoders-0.0.2-py313h37b0272_2.conda
      - conda: https://conda.anaconda.org/conda-forge/noarch/typing-extensions-4.13.2-h0e9735f_0.conda
      - conda: https://conda.anaconda.org/conda-forge/noarch/typing_extensions-4.13.2-pyh29332c3_0.conda
      - conda: https://conda.anaconda.org/conda-forge/noarch/tzdata-2025b-h78e105d_0.conda
      - conda: https://conda.anaconda.org/conda-forge/osx-arm64/x265-3.5-hbc6ce65_3.tar.bz2
      - conda: https://conda.anaconda.org/conda-forge/osx-arm64/xorg-libxau-1.0.12-h5505292_0.conda
      - conda: https://conda.anaconda.org/conda-forge/osx-arm64/xorg-libxdmcp-1.1.5-hd74edd7_0.conda
      - conda: https://conda.anaconda.org/conda-forge/osx-arm64/zstd-1.5.7-h6491c7d_2.conda
packages:
- conda: https://conda.anaconda.org/conda-forge/osx-arm64/aom-3.9.1-h7bae524_0.conda
  sha256: ec238f18ce8140485645252351a0eca9ef4f7a1c568a420f240a585229bc12ef
  md5: 7adba36492a1bb22d98ffffe4f6fc6de
  depends:
  - __osx >=11.0
  - libcxx >=16
  arch: arm64
  platform: osx
  license: BSD-2-Clause
  license_family: BSD
  size: 2235747
  timestamp: 1718551382432
- conda: https://conda.anaconda.org/conda-forge/osx-arm64/bzip2-1.0.8-h99b78c6_7.conda
  sha256: adfa71f158cbd872a36394c56c3568e6034aa55c623634b37a4836bd036e6b91
  md5: fc6948412dbbbe9a4c9ddbbcfe0a79ab
  depends:
  - __osx >=11.0
  license: bzip2-1.0.6
  license_family: BSD
  size: 122909
  timestamp: 1720974522888
- conda: https://conda.anaconda.org/conda-forge/noarch/ca-certificates-2025.4.26-hbd8a1cb_0.conda
  sha256: 2a70ed95ace8a3f8a29e6cd1476a943df294a7111dfb3e152e3478c4c889b7ac
  md5: 95db94f75ba080a22eb623590993167b
  depends:
  - __unix
  license: ISC
  size: 152283
  timestamp: 1745653616541
- conda: https://conda.anaconda.org/conda-forge/noarch/cpython-3.13.3-py313hd8ed1ab_101.conda
  noarch: generic
  sha256: 28baf119fd50412aae5dc7ef5497315aa40f9515ffa4ce3e4498f6b557038412
  md5: 904a822cbd380adafb9070debf8579a8
  depends:
  - python >=3.13,<3.14.0a0
  - python_abi * *_cp313
  license: Python-2.0
  size: 47856
  timestamp: 1744663173137
- conda: https://conda.anaconda.org/conda-forge/osx-arm64/dav1d-1.2.1-hb547adb_0.conda
  sha256: 93e077b880a85baec8227e8c72199220c7f87849ad32d02c14fb3807368260b8
  md5: 5a74cdee497e6b65173e10d94582fae6
  arch: arm64
  platform: osx
  license: BSD-2-Clause
  license_family: BSD
  size: 316394
  timestamp: 1685695959391
- conda: https://conda.anaconda.org/conda-forge/noarch/filelock-3.18.0-pyhd8ed1ab_0.conda
  sha256: de7b6d4c4f865609ae88db6fa03c8b7544c2452a1aa5451eb7700aad16824570
  md5: 4547b39256e296bb758166893e909a7c
  depends:
  - python >=3.9
  license: Unlicense
  size: 17887
  timestamp: 1741969612334
- conda: https://conda.anaconda.org/conda-forge/osx-arm64/freetype-2.13.3-hce30654_1.conda
  sha256: 6b63c72ea51a41d41964841404564c0729fdddd3e952e2715839fd759b7cfdfc
  md5: e684de4644067f1956a580097502bf03
  depends:
  - libfreetype 2.13.3 hce30654_1
  - libfreetype6 2.13.3 h1d14073_1
  arch: arm64
  platform: osx
  license: GPL-2.0-only OR FTL
  size: 172220
  timestamp: 1745370149658
- conda: https://conda.anaconda.org/conda-forge/noarch/fsspec-2025.3.2-pyhd8ed1ab_0.conda
  sha256: 2040d4640708bd6ab9ed6cb9901267441798c44974bc63c9b6c1cb4c1891d825
  md5: 9c40692c3d24c7aaf335f673ac09d308
  depends:
  - python >=3.9
  license: BSD-3-Clause
  license_family: BSD
  size: 142117
  timestamp: 1743437355974
- conda: https://conda.anaconda.org/conda-forge/osx-arm64/giflib-5.2.2-h93a5062_0.conda
  sha256: 843b3f364ff844137e37d5c0a181f11f6d51adcedd216f019d074e5aa5d7e09c
  md5: 95fa1486c77505330c20f7202492b913
  arch: arm64
  platform: osx
  license: MIT
  license_family: MIT
  size: 71613
  timestamp: 1712692611426
- conda: https://conda.anaconda.org/conda-forge/osx-arm64/gmp-6.3.0-h7bae524_2.conda
  sha256: 76e222e072d61c840f64a44e0580c2503562b009090f55aa45053bf1ccb385dd
  md5: eed7278dfbab727b56f2c0b64330814b
  depends:
  - __osx >=11.0
  - libcxx >=16
  license: GPL-2.0-or-later OR LGPL-3.0-or-later
  size: 365188
  timestamp: 1718981343258
- conda: https://conda.anaconda.org/conda-forge/osx-arm64/gmpy2-2.2.1-py313h2cdc120_0.conda
  sha256: 4f2fa0666e650354b338ae53db704cba62a6f914cabf5c76f1a5ddaa069ae5f7
  md5: 58c936853251f80e1faed8f0f068add9
  depends:
  - __osx >=11.0
  - gmp >=6.3.0,<7.0a0
  - mpc >=1.3.1,<2.0a0
  - mpfr >=4.2.1,<5.0a0
  - python >=3.13,<3.14.0a0
  - python >=3.13,<3.14.0a0 *_cp313
  - python_abi 3.13.* *_cp313
  license: LGPL-3.0-or-later
  license_family: LGPL
  size: 163333
  timestamp: 1745509664316
- conda: https://conda.anaconda.org/conda-forge/noarch/jinja2-3.1.6-pyhd8ed1ab_0.conda
  sha256: f1ac18b11637ddadc05642e8185a851c7fab5998c6f5470d716812fae943b2af
  md5: 446bd6c8cb26050d528881df495ce646
  depends:
  - markupsafe >=2.0
  - python >=3.9
  license: BSD-3-Clause
  license_family: BSD
  size: 112714
  timestamp: 1741263433881
- conda: https://conda.anaconda.org/conda-forge/noarch/joblib-1.4.2-pyhd8ed1ab_1.conda
  sha256: 51cc2dc491668af0c4d9299b0ab750f16ccf413ec5e2391b924108c1fbacae9b
  md5: bf8243ee348f3a10a14ed0cae323e0c1
  depends:
  - python >=3.9
  - setuptools
  license: BSD-3-Clause
  license_family: BSD
  size: 220252
  timestamp: 1733736157394
- conda: https://conda.anaconda.org/conda-forge/osx-arm64/lcms2-2.17-h7eeda09_0.conda
  sha256: 310a62c2f074ebd5aa43b3cd4b00d46385ce680fa2132ecee255a200e2d2f15f
  md5: 92a61fd30b19ebd5c1621a5bfe6d8b5f
  depends:
  - __osx >=11.0
  - libjpeg-turbo >=3.0.0,<4.0a0
  - libtiff >=4.7.0,<4.8.0a0
  arch: arm64
  platform: osx
  license: MIT
  license_family: MIT
  size: 212125
  timestamp: 1739161108467
- conda: https://conda.anaconda.org/conda-forge/osx-arm64/lerc-4.0.0-hd64df32_1.conda
  sha256: 12361697f8ffc9968907d1a7b5830e34c670e4a59b638117a2cdfed8f63a38f8
  md5: a74332d9b60b62905e3d30709df08bf1
  depends:
  - __osx >=11.0
  - libcxx >=18
  arch: arm64
  platform: osx
  license: Apache-2.0
  license_family: Apache
  size: 188306
  timestamp: 1745264362794
- conda: https://conda.anaconda.org/conda-forge/osx-arm64/libabseil-20250127.1-cxx17_h07bc746_0.conda
  sha256: 9884f855bdfd5cddac209df90bdddae8b3a6d8accfd2d3f52bc9db2f9ebb69c9
  md5: 26aabb99a8c2806d8f617fd135f2fc6f
  depends:
  - __osx >=11.0
  - libcxx >=18
  constrains:
  - abseil-cpp =20250127.1
  - libabseil-static =20250127.1=cxx17*
  license: Apache-2.0
  license_family: Apache
  size: 1192962
  timestamp: 1742369814061
- conda: https://conda.anaconda.org/conda-forge/osx-arm64/libavif16-1.2.1-h3861c80_2.conda
  sha256: 9f539ef49ec52cad8d982f6a3222e9649af88039ef7a0a8555c0c00b515994ee
  md5: 6814ca4531087fd6a532b5e80c3b7da7
  depends:
  - __osx >=11.0
  - aom >=3.9.1,<3.10.0a0
  - dav1d >=1.2.1,<1.2.2.0a0
  - rav1e >=0.6.6,<1.0a0
  - svt-av1 >=3.0.2,<3.0.3.0a0
  arch: arm64
  platform: osx
  license: BSD-2-Clause
  license_family: BSD
  size: 110478
  timestamp: 1743344757576
- conda: https://conda.anaconda.org/conda-forge/osx-arm64/libblas-3.9.0-31_h10e41b3_openblas.conda
  build_number: 31
  sha256: 369586e7688b59b4f92c709b99d847d66d4d095425db327dd32ee5e6ab74697f
  md5: 39b053da5e7035c6592102280aa7612a
  depends:
  - libopenblas >=0.3.29,<0.3.30.0a0
  - libopenblas >=0.3.29,<1.0a0
  constrains:
  - liblapacke =3.9.0=31*_openblas
  - libcblas =3.9.0=31*_openblas
  - blas =2.131=openblas
  - mkl <2025
  - liblapack =3.9.0=31*_openblas
  license: BSD-3-Clause
  license_family: BSD
  size: 17123
  timestamp: 1740088119350
- conda: https://conda.anaconda.org/conda-forge/osx-arm64/libcblas-3.9.0-31_hb3479ef_openblas.conda
  build_number: 31
  sha256: f237486cc9118d09d0f3ff8820280de34365f98ee7b7dc5ab923b04c7cbf25a5
  md5: 7353c2bf0e90834cb70545671996d871
  depends:
  - libblas 3.9.0 31_h10e41b3_openblas
  constrains:
  - liblapacke =3.9.0=31*_openblas
  - blas =2.131=openblas
  - liblapack =3.9.0=31*_openblas
  license: BSD-3-Clause
  license_family: BSD
  size: 17032
  timestamp: 1740088127097
- conda: https://conda.anaconda.org/conda-forge/osx-arm64/libcxx-20.1.4-ha82da77_0.conda
  sha256: 1837e2c65f8fc8cfd8b240cfe89406d0ce83112ac63f98c9fb3c9a15b4f2d4e1
  md5: 10c809af502fcdab799082d338170994
  depends:
  - __osx >=11.0
  license: Apache-2.0 WITH LLVM-exception
  license_family: Apache
  size: 565811
  timestamp: 1745991653948
- conda: https://conda.anaconda.org/conda-forge/osx-arm64/libde265-1.0.15-h2ffa867_0.conda
  sha256: 13747fa634f7f16d7f222b7d3869e3c1aab9d3a2791edeb2fc632a87663950e0
  md5: 7c718ee6d8497702145612fa0898a12d
  depends:
  - libcxx >=15
  arch: arm64
  platform: osx
  license: LGPL-3.0-or-later
  license_family: LGPL
  size: 277861
  timestamp: 1703089176970
- conda: https://conda.anaconda.org/conda-forge/osx-arm64/libdeflate-1.23-h5773f1b_0.conda
  sha256: ebc06154e9a2085e8c9edf81f8f5196b73a1698e18ac6386c9b43fb426103327
  md5: 4dc332b504166d7f89e4b3b18ab5e6ea
  depends:
  - __osx >=11.0
  arch: arm64
  platform: osx
  license: MIT
  license_family: MIT
  size: 54685
  timestamp: 1745260666631
- conda: https://conda.anaconda.org/conda-forge/osx-arm64/libexpat-2.7.0-h286801f_0.conda
  sha256: ee550e44765a7bbcb2a0216c063dcd53ac914a7be5386dd0554bd06e6be61840
  md5: 6934bbb74380e045741eb8637641a65b
  depends:
  - __osx >=11.0
  constrains:
  - expat 2.7.0.*
  license: MIT
  license_family: MIT
  size: 65714
  timestamp: 1743431789879
- conda: https://conda.anaconda.org/conda-forge/osx-arm64/libffi-3.4.6-h1da3d7d_1.conda
  sha256: c6a530924a9b14e193ea9adfe92843de2a806d1b7dbfd341546ece9653129e60
  md5: c215a60c2935b517dcda8cad4705734d
  depends:
  - __osx >=11.0
  license: MIT
  license_family: MIT
  size: 39839
  timestamp: 1743434670405
- conda: https://conda.anaconda.org/conda-forge/osx-arm64/libfreetype-2.13.3-hce30654_1.conda
  sha256: 1f8c16703fe333cdc2639f7cdaf677ac2120843453222944a7c6c85ec342903c
  md5: d06282e08e55b752627a707d58779b8f
  depends:
  - libfreetype6 >=2.13.3
  arch: arm64
  platform: osx
  license: GPL-2.0-only OR FTL
  size: 7813
  timestamp: 1745370144506
- conda: https://conda.anaconda.org/conda-forge/osx-arm64/libfreetype6-2.13.3-h1d14073_1.conda
  sha256: c278df049b1a071841aa0aca140a338d087ea594e07dcf8a871d2cfe0e330e75
  md5: b163d446c55872ef60530231879908b9
  depends:
  - __osx >=11.0
  - libpng >=1.6.47,<1.7.0a0
  - libzlib >=1.3.1,<2.0a0
  constrains:
  - freetype >=2.13.3
  arch: arm64
  platform: osx
  license: GPL-2.0-only OR FTL
  size: 333529
  timestamp: 1745370142848
- conda: https://conda.anaconda.org/conda-forge/osx-arm64/libgfortran-14.2.0-heb5dd2a_105.conda
  sha256: 6ca48762c330d1cdbdaa450f197ccc16ffb7181af50d112b4ccf390223d916a1
  md5: ad35937216e65cfeecd828979ee5e9e6
  depends:
  - libgfortran5 14.2.0 h2c44a93_105
  license: GPL-3.0-only WITH GCC-exception-3.1
  license_family: GPL
  size: 155474
  timestamp: 1743913530958
- conda: https://conda.anaconda.org/conda-forge/osx-arm64/libgfortran5-14.2.0-h2c44a93_105.conda
  sha256: de09987e1080f71e2285deec45ccb949c2620a672b375029534fbb878e471b22
  md5: 06f35a3b1479ec55036e1c9872f97f2c
  depends:
  - llvm-openmp >=8.0.0
  constrains:
  - libgfortran 14.2.0
  license: GPL-3.0-only WITH GCC-exception-3.1
  license_family: GPL
  size: 806283
  timestamp: 1743913488925
- conda: https://conda.anaconda.org/conda-forge/osx-arm64/libheif-1.19.7-gpl_h79e6334_100.conda
  sha256: 19384a0c0922cbded842e1fa14d8c40a344cb735d1d85598b11f67dc0cd1f4cc
  md5: 4f5369442ff2de5983831d321f584eb4
  depends:
  - __osx >=11.0
  - aom >=3.9.1,<3.10.0a0
  - dav1d >=1.2.1,<1.2.2.0a0
  - libavif16 >=1.2.0,<2.0a0
  - libcxx >=18
  - libde265 >=1.0.15,<1.0.16.0a0
  - x265 >=3.5,<3.6.0a0
  arch: arm64
  platform: osx
  license: LGPL-3.0-or-later
  license_family: LGPL
  size: 442619
  timestamp: 1741307000158
- conda: https://conda.anaconda.org/conda-forge/osx-arm64/libjpeg-turbo-3.1.0-h5505292_0.conda
  sha256: 78df2574fa6aa5b6f5fc367c03192f8ddf8e27dc23641468d54e031ff560b9d4
  md5: 01caa4fbcaf0e6b08b3aef1151e91745
  depends:
  - __osx >=11.0
  constrains:
  - jpeg <0.0.0a
  arch: arm64
  platform: osx
  license: IJG AND BSD-3-Clause AND Zlib
  size: 553624
  timestamp: 1745268405713
- conda: https://conda.anaconda.org/conda-forge/osx-arm64/liblapack-3.9.0-31_hc9a63f6_openblas.conda
  build_number: 31
  sha256: fe55b9aaf82c6c0192c3d1fcc9b8e884f97492dda9a8de5dae29334b3135fab5
  md5: ff57a55a2cbce171ef5707fb463caf19
  depends:
  - libblas 3.9.0 31_h10e41b3_openblas
  constrains:
  - liblapacke =3.9.0=31*_openblas
  - libcblas =3.9.0=31*_openblas
  - blas =2.131=openblas
  license: BSD-3-Clause
  license_family: BSD
  size: 17033
  timestamp: 1740088134988
- conda: https://conda.anaconda.org/conda-forge/osx-arm64/liblzma-5.8.1-h39f12f2_0.conda
  sha256: 4291dde55ebe9868491dc29716b84ac3de21b8084cbd4d05c9eea79d206b8ab7
  md5: ba24e6f25225fea3d5b6912e2ac562f8
  depends:
  - __osx >=11.0
  license: 0BSD
  size: 92295
  timestamp: 1743771392206
- conda: https://conda.anaconda.org/conda-forge/osx-arm64/libmpdec-4.0.0-h99b78c6_0.conda
  sha256: f7917de9117d3a5fe12a39e185c7ce424f8d5010a6f97b4333e8a1dcb2889d16
  md5: 7476305c35dd9acef48da8f754eedb40
  depends:
  - __osx >=11.0
  license: BSD-2-Clause
  license_family: BSD
  size: 69263
  timestamp: 1723817629767
- conda: https://conda.anaconda.org/conda-forge/osx-arm64/libopenblas-0.3.29-openmp_hf332438_0.conda
  sha256: 8989d9e01ec8c9b2d48dbb5efbe70b356fcd15990fb53b64fcb84798982c0343
  md5: 0cd1148c68f09027ee0b0f0179f77c30
  depends:
  - __osx >=11.0
  - libgfortran >=5
  - libgfortran5 >=13.2.0
  - llvm-openmp >=18.1.8
  constrains:
  - openblas >=0.3.29,<0.3.30.0a0
  license: BSD-3-Clause
  license_family: BSD
  size: 4168442
  timestamp: 1739825514918
- conda: https://conda.anaconda.org/conda-forge/osx-arm64/libpng-1.6.47-h3783ad8_0.conda
  sha256: dc93cc30f59b28e7812c6f14d2c2e590b509c38092cce7ababe6b23541b7ed8f
  md5: 3550e05e3af94a3fa9cef2694417ccdf
  depends:
  - __osx >=11.0
  - libzlib >=1.3.1,<2.0a0
  arch: arm64
  platform: osx
  license: zlib-acknowledgement
  size: 259332
  timestamp: 1739953032676
- conda: https://conda.anaconda.org/conda-forge/osx-arm64/libprotobuf-5.29.3-hccd9074_1.conda
  sha256: 6e5b49bfa09bfc1aa0d69113be435d40ace0d01592b7b22cac696928cee6be03
  md5: f7951fdf76556f91bc146384ede7de40
  depends:
  - __osx >=11.0
  - libabseil * cxx17*
  - libabseil >=20250127.1,<20250128.0a0
  - libcxx >=18
  - libzlib >=1.3.1,<2.0a0
  license: BSD-3-Clause
  license_family: BSD
  size: 2613087
  timestamp: 1745158781377
- conda: https://conda.anaconda.org/conda-forge/osx-arm64/libsqlite-3.49.1-h3f77e49_2.conda
  sha256: 907a95f73623c343fc14785cbfefcb7a6b4f2bcf9294fcb295c121611c3a590d
  md5: 3b1e330d775170ac46dff9a94c253bd0
  depends:
  - __osx >=11.0
  - libzlib >=1.3.1,<2.0a0
  license: Unlicense
  size: 900188
  timestamp: 1742083865246
- conda: https://conda.anaconda.org/conda-forge/osx-arm64/libtiff-4.7.0-h551f018_4.conda
  sha256: 5d3f7a71b70f0d88470eda8e7b6afe3095d66708a70fb912e79d56fc30b35429
  md5: 717e02c4cca2a760438384d48b7cd1b9
  depends:
  - __osx >=11.0
  - lerc >=4.0.0,<5.0a0
  - libcxx >=18
  - libdeflate >=1.23,<1.24.0a0
  - libjpeg-turbo >=3.1.0,<4.0a0
  - liblzma >=5.8.1,<6.0a0
  - libwebp-base >=1.5.0,<2.0a0
  - libzlib >=1.3.1,<2.0a0
  - zstd >=1.5.7,<1.6.0a0
  arch: arm64
  platform: osx
  license: HPND
  size: 370898
  timestamp: 1745372834516
- conda: https://conda.anaconda.org/conda-forge/osx-arm64/libtorch-2.6.0-cpu_generic_h1283d20_4.conda
  sha256: 6ba9484bbaa308b26939309c2af274bd58e99e0a097d15b70ae8b4f2dfbfd83f
  md5: e33a3b59fd0c00810213c92b40e7d8bf
  depends:
  - __osx >=11.0
  - libabseil * cxx17*
  - libabseil >=20250127.1,<20250128.0a0
  - libblas >=3.9.0,<4.0a0
  - libcblas >=3.9.0,<4.0a0
  - libcxx >=18
  - liblapack >=3.9.0,<4.0a0
  - libprotobuf >=5.29.3,<5.29.4.0a0
  - libuv >=1.50.0,<2.0a0
  - libzlib >=1.3.1,<2.0a0
  - llvm-openmp >=18.1.8
  - numpy >=1.21,<3
  - python >=3.13,<3.14.0a0 *_cp313
  - python_abi 3.13.* *_cp313
  - sleef >=3.8,<4.0a0
  constrains:
  - pytorch-cpu 2.6.0
  - openblas * openmp_*
  - pytorch 2.6.0 cpu_generic_*_4
  - pytorch-gpu <0.0a0
  license: BSD-3-Clause
  license_family: BSD
  size: 28655661
  timestamp: 1744244999242
- conda: https://conda.anaconda.org/conda-forge/osx-arm64/libuv-1.50.0-h5505292_0.conda
  sha256: d13fb49d4c8262bf2c44ffb2c77bb2b5d0f85fc6de76bdb75208efeccb29fce6
  md5: 20717343fb30798ab7c23c2e92b748c1
  depends:
  - __osx >=11.0
  license: MIT
  license_family: MIT
  size: 418890
  timestamp: 1737016751326
- conda: https://conda.anaconda.org/conda-forge/osx-arm64/libwebp-base-1.5.0-h2471fea_0.conda
  sha256: f8bdb876b4bc8cb5df47c28af29188de8911c3fea4b799a33743500149de3f4a
  md5: 569466afeb84f90d5bb88c11cc23d746
  depends:
  - __osx >=11.0
  constrains:
  - libwebp 1.5.0
  arch: arm64
  platform: osx
  license: BSD-3-Clause
  license_family: BSD
  size: 290013
  timestamp: 1734777593617
- conda: https://conda.anaconda.org/conda-forge/osx-arm64/libxcb-1.17.0-hdb1d25a_0.conda
  sha256: bd3816218924b1e43b275863e21a3e13a5db4a6da74cca8e60bc3c213eb62f71
  md5: af523aae2eca6dfa1c8eec693f5b9a79
  depends:
  - __osx >=11.0
  - pthread-stubs
  - xorg-libxau >=1.0.11,<2.0a0
  - xorg-libxdmcp
  arch: arm64
  platform: osx
  license: MIT
  license_family: MIT
  size: 323658
  timestamp: 1727278733917
- conda: https://conda.anaconda.org/conda-forge/osx-arm64/libzlib-1.3.1-h8359307_2.conda
  sha256: ce34669eadaba351cd54910743e6a2261b67009624dbc7daeeafdef93616711b
  md5: 369964e85dc26bfe78f41399b366c435
  depends:
  - __osx >=11.0
  constrains:
  - zlib 1.3.1 *_2
  license: Zlib
  license_family: Other
  size: 46438
  timestamp: 1727963202283
- conda: https://conda.anaconda.org/conda-forge/osx-arm64/llvm-openmp-20.1.4-hdb05f8b_0.conda
  sha256: b8e8547116dba85890d7b39bfad1c86ed69a6b923caed1e449c90850d271d4d5
  md5: 00cbae3f2127efef6db76bd423a09807
  depends:
  - __osx >=11.0
  constrains:
  - openmp 20.1.4|20.1.4.*
  license: Apache-2.0 WITH LLVM-exception
  size: 282599
  timestamp: 1746134861758
- conda: https://conda.anaconda.org/conda-forge/osx-arm64/markupsafe-3.0.2-py313ha9b7d5b_1.conda
  sha256: 81759af8a9872c8926af3aa59dc4986eee90a0956d1ec820b42ac4f949a71211
  md5: 3acf05d8e42ff0d99820d2d889776fff
  depends:
  - __osx >=11.0
  - python >=3.13,<3.14.0a0
  - python >=3.13,<3.14.0a0 *_cp313
  - python_abi 3.13.* *_cp313
  constrains:
  - jinja2 >=3.0.0
  license: BSD-3-Clause
  license_family: BSD
  size: 24757
  timestamp: 1733219916634
- conda: https://conda.anaconda.org/conda-forge/osx-arm64/mpc-1.3.1-h8f1351a_1.conda
  sha256: 2700899ad03302a1751dbf2bca135407e470dd83ac897ab91dd8675d4300f158
  md5: a5635df796b71f6ca400fc7026f50701
  depends:
  - __osx >=11.0
  - gmp >=6.3.0,<7.0a0
  - mpfr >=4.2.1,<5.0a0
  license: LGPL-3.0-or-later
  license_family: LGPL
  size: 104766
  timestamp: 1725629165420
- conda: https://conda.anaconda.org/conda-forge/osx-arm64/mpfr-4.2.1-hb693164_3.conda
  sha256: 4463e4e2aba7668e37a1b8532859191b4477a6f3602a5d6b4d64ad4c4baaeac5
  md5: 4e4ea852d54cc2b869842de5044662fb
  depends:
  - __osx >=11.0
  - gmp >=6.3.0,<7.0a0
  license: LGPL-3.0-only
  license_family: LGPL
  size: 345517
  timestamp: 1725746730583
- conda: https://conda.anaconda.org/conda-forge/noarch/mpmath-1.3.0-pyhd8ed1ab_1.conda
  sha256: 7d7aa3fcd6f42b76bd711182f3776a02bef09a68c5f117d66b712a6d81368692
  md5: 3585aa87c43ab15b167b574cd73b057b
  depends:
  - python >=3.9
  license: BSD-3-Clause
  license_family: BSD
  size: 439705
  timestamp: 1733302781386
- conda: https://conda.anaconda.org/conda-forge/osx-arm64/ncurses-6.5-h5e97a16_3.conda
  sha256: 2827ada40e8d9ca69a153a45f7fd14f32b2ead7045d3bbb5d10964898fe65733
  md5: 068d497125e4bf8a66bf707254fff5ae
  depends:
  - __osx >=11.0
  license: X11 AND BSD-3-Clause
  size: 797030
  timestamp: 1738196177597
- conda: https://conda.anaconda.org/conda-forge/noarch/networkx-3.4.2-pyh267e887_2.conda
  sha256: 39625cd0c9747fa5c46a9a90683b8997d8b9649881b3dc88336b13b7bdd60117
  md5: fd40bf7f7f4bc4b647dc8512053d9873
  depends:
  - python >=3.10
  - python
  constrains:
  - numpy >=1.24
  - scipy >=1.10,!=1.11.0,!=1.11.1
  - matplotlib >=3.7
  - pandas >=2.0
  license: BSD-3-Clause
  license_family: BSD
  size: 1265008
  timestamp: 1731521053408
- conda: https://conda.anaconda.org/conda-forge/noarch/nomkl-1.0-h5ca1d4c_0.tar.bz2
  sha256: d38542a151a90417065c1a234866f97fd1ea82a81de75ecb725955ab78f88b4b
  md5: 9a66894dfd07c4510beb6b3f9672ccc0
  constrains:
  - mkl <0.a0
  license: BSD-3-Clause
  license_family: BSD
  size: 3843
  timestamp: 1582593857545
- conda: https://conda.anaconda.org/conda-forge/osx-arm64/numpy-2.2.5-py313h41a2e72_0.conda
  sha256: ef86c22868df8ce165ea17932d11232f76d06524f6fd1e35f1c307413afd9e48
  md5: 40517bbc5a052593ba752750550819a4
  depends:
  - __osx >=11.0
  - libblas >=3.9.0,<4.0a0
  - libcblas >=3.9.0,<4.0a0
  - libcxx >=18
  - liblapack >=3.9.0,<4.0a0
  - python >=3.13,<3.14.0a0
  - python >=3.13,<3.14.0a0 *_cp313
  - python_abi 3.13.* *_cp313
  constrains:
  - numpy-base <0a0
  license: BSD-3-Clause
  license_family: BSD
  size: 6608028
  timestamp: 1745119668840
- conda: https://conda.anaconda.org/conda-forge/osx-arm64/openjpeg-2.5.3-h8a3d83b_0.conda
  sha256: 1d59bc72ca7faac06d349c1a280f5cfb8a57ee5896f1e24225a997189d7418c7
  md5: 4b71d78648dbcf68ce8bf22bb07ff838
  depends:
  - __osx >=11.0
  - libcxx >=18
  - libpng >=1.6.44,<1.7.0a0
  - libtiff >=4.7.0,<4.8.0a0
  - libzlib >=1.3.1,<2.0a0
  arch: arm64
  platform: osx
  license: BSD-2-Clause
  license_family: BSD
  size: 319362
  timestamp: 1733816781741
- conda: https://conda.anaconda.org/conda-forge/osx-arm64/openssl-3.5.0-h81ee809_0.conda
  sha256: 53f825acb8d3e13bdad5c869f6dc7df931941450eea7f6473b955b0aaea1a399
  md5: 3d2936da7e240d24c656138e07fa2502
  depends:
  - __osx >=11.0
  - ca-certificates
  license: Apache-2.0
  license_family: Apache
  size: 3067649
  timestamp: 1744132084304
- conda: https://conda.anaconda.org/conda-forge/osx-arm64/optree-0.15.0-py313h0ebd0e5_0.conda
  sha256: af15bd55ead245988f882d4244dabc8571a80107aa2f76576217d7c7eaf129fe
  md5: 013459d35c258de44768ab1e504fb563
  depends:
  - __osx >=11.0
  - libcxx >=18
  - python >=3.13,<3.14.0a0
  - python >=3.13,<3.14.0a0 *_cp313
  - python_abi 3.13.* *_cp313
  - typing-extensions >=4.5
  license: Apache-2.0
  license_family: Apache
  size: 387674
  timestamp: 1744034504029
- conda: https://conda.anaconda.org/conda-forge/osx-arm64/pillow-11.1.0-py313hb37fac4_0.conda
  sha256: 207bf61d21164ea8922a306734e602354b8b8e516460dc22c18add1e7594793b
  md5: 50dbf6e817535229c820af0a8f4529b5
  depends:
  - __osx >=11.0
  - freetype >=2.12.1,<3.0a0
  - lcms2 >=2.16,<3.0a0
  - libjpeg-turbo >=3.0.0,<4.0a0
  - libtiff >=4.7.0,<4.8.0a0
  - libwebp-base >=1.5.0,<2.0a0
  - libxcb >=1.17.0,<2.0a0
  - libzlib >=1.3.1,<2.0a0
  - openjpeg >=2.5.3,<3.0a0
  - python >=3.13,<3.14.0a0
  - python >=3.13,<3.14.0a0 *_cp313
  - python_abi 3.13.* *_cp313
  - tk >=8.6.13,<8.7.0a0
  arch: arm64
  platform: osx
  license: HPND
  size: 42025320
  timestamp: 1735929984606
- conda: https://conda.anaconda.org/conda-forge/osx-arm64/pthread-stubs-0.4-hd74edd7_1002.conda
  sha256: 8ed65e17fbb0ca944bfb8093b60086e3f9dd678c3448b5de212017394c247ee3
  md5: 415816daf82e0b23a736a069a75e9da7
  depends:
  - __osx >=11.0
  arch: arm64
  platform: osx
  license: MIT
  license_family: MIT
  size: 8381
  timestamp: 1726802424786
- conda: https://conda.anaconda.org/conda-forge/noarch/pybind11-2.13.6-pyh1ec8472_2.conda
  sha256: 27f888492af3d5ab19553f263b0015bf3766a334668b5b3a79c7dc0416e603c1
  md5: 8088a5e7b2888c780738c3130f2a969d
  depends:
  - pybind11-global 2.13.6 *_2
  - python
  constrains:
  - pybind11-abi ==4
  license: BSD-3-Clause
  license_family: BSD
  size: 186375
  timestamp: 1730237816231
- conda: https://conda.anaconda.org/conda-forge/noarch/pybind11-global-2.13.6-pyh415d2e4_2.conda
  sha256: 9ff0d61d86878f81779bdb7e47656a75feaab539893462cff29b8ec353026d81
  md5: 120541563e520d12d8e39abd7de9092c
  depends:
  - __unix
  - python
  constrains:
  - pybind11-abi ==4
  license: BSD-3-Clause
  license_family: BSD
  size: 179139
  timestamp: 1730237481227
- conda: https://conda.anaconda.org/conda-forge/osx-arm64/python-3.13.3-h81fe080_101_cp313.conda
  build_number: 101
  sha256: f96468ab1e6f27bda92157bfc7f272d1fbf2ba2f85697bdc5bb106bccba1befb
  md5: b3240ae8c42a3230e0b7f831e1c72e9f
  depends:
  - __osx >=11.0
  - bzip2 >=1.0.8,<2.0a0
  - libexpat >=2.7.0,<3.0a0
  - libffi >=3.4.6,<3.5.0a0
  - liblzma >=5.8.1,<6.0a0
  - libmpdec >=4.0.0,<5.0a0
  - libsqlite >=3.49.1,<4.0a0
  - libzlib >=1.3.1,<2.0a0
  - ncurses >=6.5,<7.0a0
  - openssl >=3.5.0,<4.0a0
  - python_abi 3.13.* *_cp313
  - readline >=8.2,<9.0a0
  - tk >=8.6.13,<8.7.0a0
  - tzdata
  license: Python-2.0
  size: 12136505
  timestamp: 1744663807953
  python_site_packages_path: lib/python3.13/site-packages
- conda: https://conda.anaconda.org/conda-forge/noarch/python_abi-3.13-7_cp313.conda
  build_number: 7
  sha256: 0595134584589064f56e67d3de1d8fcbb673a972946bce25fb593fb092fdcd97
  md5: e84b44e6300f1703cb25d29120c5b1d8
  constrains:
  - python 3.13.* *_cp313
  license: BSD-3-Clause
  license_family: BSD
  size: 6988
  timestamp: 1745258852285
- conda: https://conda.anaconda.org/conda-forge/osx-arm64/pytorch-2.6.0-cpu_generic_py313_h4b020fb_4.conda
  sha256: 2e17c606c5402d2d043dd83af22fd3d6c7495ca71f5183c8571aaccbc369bdc6
  md5: 2a2dcbbdbd8e138ceb1d0b54844d68ef
  depends:
  - __osx >=11.0
  - filelock
  - fsspec
  - jinja2
  - libabseil * cxx17*
  - libabseil >=20250127.1,<20250128.0a0
  - libcblas >=3.9.0,<4.0a0
  - libcxx >=18
  - liblapack >=3.9.0,<4.0a0
  - libprotobuf >=5.29.3,<5.29.4.0a0
  - libtorch 2.6.0.* *_4
  - libuv >=1.50.0,<2.0a0
  - libzlib >=1.3.1,<2.0a0
  - llvm-openmp >=18.1.8
  - networkx
  - nomkl
  - numpy >=1.21,<3
  - optree >=0.13.0
  - pybind11
  - python >=3.13,<3.14.0a0
  - python >=3.13,<3.14.0a0 *_cp313
  - python_abi 3.13.* *_cp313
  - setuptools <76
  - sleef >=3.8,<4.0a0
  - sympy >=1.13.1,!=1.13.2
  - typing_extensions >=4.10.0
  constrains:
  - pytorch-cpu 2.6.0
  - pytorch-gpu <0.0a0
  license: BSD-3-Clause
  license_family: BSD
  size: 27425454
  timestamp: 1744245385190
- conda: https://conda.anaconda.org/conda-forge/osx-arm64/rav1e-0.6.6-h69fbcac_2.conda
  sha256: be6174970193cb4d0ffa7d731a93a4c9542881dbc7ab24e74b460ef312161169
  md5: e309ae86569b1cd55a0285fa4e939844
  arch: arm64
  platform: osx
  license: BSD-2-Clause
  license_family: BSD
  size: 1526706
  timestamp: 1694329743011
- conda: https://conda.anaconda.org/conda-forge/osx-arm64/readline-8.2-h1d1bf99_2.conda
  sha256: 7db04684d3904f6151eff8673270922d31da1eea7fa73254d01c437f49702e34
  md5: 63ef3f6e6d6d5c589e64f11263dc5676
  depends:
  - ncurses >=6.5,<7.0a0
  license: GPL-3.0-only
  license_family: GPL
  size: 252359
  timestamp: 1740379663071
- conda: https://conda.anaconda.org/conda-forge/osx-arm64/scikit-learn-1.6.1-py313hecba28c_0.conda
  sha256: bec0733a698ae2a2af43ddebf575dbe6188122faea6fb879f16664a71ce8bc3a
  md5: 24a69ff370dbdbca38345e4f1338b9d2
  depends:
  - __osx >=11.0
  - joblib >=1.2.0
  - libcxx >=18
  - llvm-openmp >=18.1.8
  - numpy >=1.21,<3
  - python >=3.13,<3.14.0a0
  - python >=3.13,<3.14.0a0 *_cp313
  - python_abi 3.13.* *_cp313
  - scipy
  - threadpoolctl >=3.1.0
  license: BSD-3-Clause
  license_family: BSD
  size: 9809132
  timestamp: 1736497433367
- conda: https://conda.anaconda.org/conda-forge/osx-arm64/scipy-1.15.2-py313h9a24e0a_0.conda
  sha256: 2cce94fba335df6ea1c7ce5554ba8f0ef8ec0cf1a7e6918bfc2d8b2abf880794
  md5: 45e6244d4265a576a299c0a1d8b09ad9
  depends:
  - __osx >=11.0
  - libblas >=3.9.0,<4.0a0
  - libcblas >=3.9.0,<4.0a0
  - libcxx >=18
  - libgfortran >=5
  - libgfortran5 >=13.2.0
  - liblapack >=3.9.0,<4.0a0
  - numpy <2.5
  - numpy >=1.21,<3
  - numpy >=1.23.5
  - python >=3.13,<3.14.0a0
  - python >=3.13,<3.14.0a0 *_cp313
  - python_abi 3.13.* *_cp313
  license: BSD-3-Clause
  license_family: BSD
  size: 14548640
  timestamp: 1739792791585
- conda: https://conda.anaconda.org/conda-forge/noarch/setuptools-75.8.2-pyhff2d567_0.conda
  sha256: 91d664ace7c22e787775069418daa9f232ee8bafdd0a6a080a5ed2395a6fa6b2
  md5: 9bddfdbf4e061821a1a443f93223be61
  depends:
  - python >=3.9
  license: MIT
  license_family: MIT
  size: 777736
  timestamp: 1740654030775
- conda: https://conda.anaconda.org/conda-forge/osx-arm64/sleef-3.8-h8391f65_0.conda
  sha256: e8f26540b22fe2f1c9f44666a8fdf0786e7a40e8e69466d2567a53b106f6dff3
  md5: 6567410b336a7b8f775cd9157fb50d61
  depends:
  - __osx >=11.0
  - libcxx >=18
  - llvm-openmp >=18.1.8
  license: BSL-1.0
  size: 584685
  timestamp: 1738089615902
- conda: https://conda.anaconda.org/conda-forge/osx-arm64/svt-av1-3.0.2-h8ab69cd_0.conda
  sha256: d6bb376dc9a00728be26be2b1b859d13534067922c13cc4adbbc441ca4c4ca6d
  md5: 76f20156833dea73510379b6cd7975e5
  depends:
  - __osx >=11.0
  - libcxx >=18
  arch: arm64
  platform: osx
  license: BSD-2-Clause
  license_family: BSD
  size: 1484549
  timestamp: 1742907655838
- conda: https://conda.anaconda.org/conda-forge/noarch/sympy-1.14.0-pyh2585a3b_105.conda
  sha256: 09d3b6ac51d437bc996ad006d9f749ca5c645c1900a854a6c8f193cbd13f03a8
  md5: 8c09fac3785696e1c477156192d64b91
  depends:
  - __unix
  - cpython
  - gmpy2 >=2.0.8
  - mpmath >=0.19
  - python >=3.9
  license: BSD-3-Clause
  license_family: BSD
  size: 4616621
  timestamp: 1745946173026
- conda: https://conda.anaconda.org/conda-forge/noarch/threadpoolctl-3.6.0-pyhecae5ae_0.conda
  sha256: 6016672e0e72c4cf23c0cf7b1986283bd86a9c17e8d319212d78d8e9ae42fdfd
  md5: 9d64911b31d57ca443e9f1e36b04385f
  depends:
  - python >=3.9
  license: BSD-3-Clause
  license_family: BSD
  size: 23869
  timestamp: 1741878358548
- conda: https://conda.anaconda.org/conda-forge/osx-arm64/tk-8.6.13-h5083fa2_1.conda
  sha256: 72457ad031b4c048e5891f3f6cb27a53cb479db68a52d965f796910e71a403a8
  md5: b50a57ba89c32b62428b71a875291c9b
  depends:
  - libzlib >=1.2.13,<2.0.0a0
  license: TCL
  license_family: BSD
  size: 3145523
  timestamp: 1699202432999
- conda: https://conda.anaconda.org/conda-forge/osx-arm64/torchvision-0.21.0-cpu_py313_he9a1db5_1.conda
  sha256: ba417f37de92840d0444eaac7f99b19a4bb3f6b03bfa8b515c8c0cfa42ba9df0
  md5: a64b6a22d3b77c6ddf3732c9bd20a7d0
  depends:
  - python
  - pytorch * cpu*
  - pillow >=5.3.0,!=8.3.0,!=8.3.1
  - numpy >=1.23.5
  - torchvision-extra-decoders
  - python 3.13.* *_cp313
  - libcxx >=18
  - __osx >=11.0
  - python_abi 3.13.* *_cp313
  - libwebp-base >=1.5.0,<2.0a0
  - giflib >=5.2.2,<5.3.0a0
  - pytorch >=2.6.0,<2.7.0a0
  - libtorch >=2.6.0,<2.7.0a0
  - libjpeg-turbo >=3.0.0,<4.0a0
  - libtorch >=2.6.0,<2.7.0a0
  - libpng >=1.6.47,<1.7.0a0
  arch: arm64
  platform: osx
  license: BSD-3-Clause
  license_family: BSD
  size: 1349781
  timestamp: 1742619025793
- conda: https://conda.anaconda.org/conda-forge/osx-arm64/torchvision-extra-decoders-0.0.2-py313h37b0272_2.conda
  sha256: 3b1076df1dfe63543daf081bd231fc9359b774f37e6fca9e4a2aaa997607d1d9
  md5: 0b411d76440e4378a94b0bd26fc322fa
  depends:
  - python
  - libcxx >=18
  - python 3.13.* *_cp313
  - __osx >=11.0
  - libheif >=1.19.5,<1.20.0a0
  - pytorch >=2.6.0,<2.7.0a0
  - libtorch >=2.6.0,<2.7.0a0
  - python_abi 3.13.* *_cp313
  - libtorch >=2.6.0,<2.7.0a0
  - libavif16 >=1.1.1,<2.0a0
  arch: arm64
  platform: osx
  license: LGPL-2.1-only
  size: 69421
  timestamp: 1739805980667
- conda: https://conda.anaconda.org/conda-forge/noarch/typing-extensions-4.13.2-h0e9735f_0.conda
  sha256: 4865fce0897d3cb0ffc8998219157a8325f6011c136e6fd740a9a6b169419296
  md5: 568ed1300869dca0ba09fb750cda5dbb
  depends:
  - typing_extensions ==4.13.2 pyh29332c3_0
  license: PSF-2.0
  license_family: PSF
  size: 89900
  timestamp: 1744302253997
- conda: https://conda.anaconda.org/conda-forge/noarch/typing_extensions-4.13.2-pyh29332c3_0.conda
  sha256: a8aaf351e6461de0d5d47e4911257e25eec2fa409d71f3b643bb2f748bde1c08
  md5: 83fc6ae00127671e301c9f44254c31b8
  depends:
  - python >=3.9
  - python
  license: PSF-2.0
  license_family: PSF
  size: 52189
  timestamp: 1744302253997
- conda: https://conda.anaconda.org/conda-forge/noarch/tzdata-2025b-h78e105d_0.conda
  sha256: 5aaa366385d716557e365f0a4e9c3fca43ba196872abbbe3d56bb610d131e192
  md5: 4222072737ccff51314b5ece9c7d6f5a
  license: LicenseRef-Public-Domain
  size: 122968
  timestamp: 1742727099393
- conda: https://conda.anaconda.org/conda-forge/osx-arm64/x265-3.5-hbc6ce65_3.tar.bz2
  sha256: 2fed6987dba7dee07bd9adc1a6f8e6c699efb851431bcb6ebad7de196e87841d
  md5: b1f7f2780feffe310b068c021e8ff9b2
  depends:
  - libcxx >=12.0.1
  arch: arm64
  platform: osx
  license: GPL-2.0-or-later
  license_family: GPL
  size: 1832744
  timestamp: 1646609481185
- conda: https://conda.anaconda.org/conda-forge/osx-arm64/xorg-libxau-1.0.12-h5505292_0.conda
  sha256: f33e6f013fc36ebc200f09ddead83468544cb5c353a3b50499b07b8c34e28a8d
  md5: 50901e0764b7701d8ed7343496f4f301
  depends:
  - __osx >=11.0
  arch: arm64
  platform: osx
  license: MIT
  license_family: MIT
  size: 13593
  timestamp: 1734229104321
- conda: https://conda.anaconda.org/conda-forge/osx-arm64/xorg-libxdmcp-1.1.5-hd74edd7_0.conda
  sha256: 9939a166d780700d81023546759102b33fdc2c5f11ef09f5f66c77210fd334c8
  md5: 77c447f48cab5d3a15ac224edb86a968
  depends:
  - __osx >=11.0
  arch: arm64
  platform: osx
  license: MIT
  license_family: MIT
  size: 18487
  timestamp: 1727795205022
- conda: https://conda.anaconda.org/conda-forge/osx-arm64/zstd-1.5.7-h6491c7d_2.conda
  sha256: 0d02046f57f7a1a3feae3e9d1aa2113788311f3cf37a3244c71e61a93177ba67
  md5: e6f69c7bcccdefa417f056fa593b40f0
  depends:
  - __osx >=11.0
  - libzlib >=1.3.1,<2.0a0
  arch: arm64
  platform: osx
  license: BSD-3-Clause
  license_family: BSD
  size: 399979
  timestamp: 1742433432699
